// !$*UTF8*$!
{
	archiveVersion = 1;
	classes = {
	};
	objectVersion = 56;
	objects = {

/* Begin PBXBuildFile section */
		6ED5BFD62B762D5A006E6CE7 /* RealityKitContent in Frameworks */ = {isa = PBXBuildFile; productRef = 6ED5BFD52B762D5A006E6CE7 /* RealityKitContent */; };
		6ED5BFD82B762D5A006E6CE7 /* VisionOSTestApp.swift in Sources */ = {isa = PBXBuildFile; fileRef = 6ED5BFD72B762D5A006E6CE7 /* VisionOSTestApp.swift */; };
		6ED5BFDC2B762D5B006E6CE7 /* Assets.xcassets in Resources */ = {isa = PBXBuildFile; fileRef = 6ED5BFDB2B762D5B006E6CE7 /* Assets.xcassets */; };
		6ED5BFDF2B762D5B006E6CE7 /* Preview Assets.xcassets in Resources */ = {isa = PBXBuildFile; fileRef = 6ED5BFDE2B762D5B006E6CE7 /* Preview Assets.xcassets */; };
		6ED5BFE72B762DFC006E6CE7 /* ImmersiveView.swift in Sources */ = {isa = PBXBuildFile; fileRef = 6ED5BFE62B762DFC006E6CE7 /* ImmersiveView.swift */; };
		6ED5BFE92B7632D1006E6CE7 /* beach.mp4 in Resources */ = {isa = PBXBuildFile; fileRef = 6ED5BFE82B7632D1006E6CE7 /* beach.mp4 */; };
		6ED5BFEB2B764401006E6CE7 /* SkyBoxControls.swift in Sources */ = {isa = PBXBuildFile; fileRef = 6ED5BFEA2B764401006E6CE7 /* SkyBoxControls.swift */; };
/* End PBXBuildFile section */

/* Begin PBXFileReference section */
		6ED5BFD02B762D5A006E6CE7 /* VisionOSTest.app */ = {isa = PBXFileReference; explicitFileType = wrapper.application; includeInIndex = 0; path = VisionOSTest.app; sourceTree = BUILT_PRODUCTS_DIR; };
		6ED5BFD42B762D5A006E6CE7 /* RealityKitContent */ = {isa = PBXFileReference; lastKnownFileType = wrapper; path = RealityKitContent; sourceTree = "<group>"; };
		6ED5BFD72B762D5A006E6CE7 /* VisionOSTestApp.swift */ = {isa = PBXFileReference; lastKnownFileType = sourcecode.swift; path = VisionOSTestApp.swift; sourceTree = "<group>"; };
		6ED5BFDB2B762D5B006E6CE7 /* Assets.xcassets */ = {isa = PBXFileReference; lastKnownFileType = folder.assetcatalog; path = Assets.xcassets; sourceTree = "<group>"; };
		6ED5BFDE2B762D5B006E6CE7 /* Preview Assets.xcassets */ = {isa = PBXFileReference; lastKnownFileType = folder.assetcatalog; path = "Preview Assets.xcassets"; sourceTree = "<group>"; };
		6ED5BFE02B762D5B006E6CE7 /* Info.plist */ = {isa = PBXFileReference; lastKnownFileType = text.plist.xml; path = Info.plist; sourceTree = "<group>"; };
		6ED5BFE62B762DFC006E6CE7 /* ImmersiveView.swift */ = {isa = PBXFileReference; lastKnownFileType = sourcecode.swift; path = ImmersiveView.swift; sourceTree = "<group>"; };
		6ED5BFE82B7632D1006E6CE7 /* beach.mp4 */ = {isa = PBXFileReference; lastKnownFileType = file; path = beach.mp4; sourceTree = "<group>"; };
		6ED5BFEA2B764401006E6CE7 /* SkyBoxControls.swift */ = {isa = PBXFileReference; lastKnownFileType = sourcecode.swift; path = SkyBoxControls.swift; sourceTree = "<group>"; };
/* End PBXFileReference section */

/* Begin PBXFrameworksBuildPhase section */
		6ED5BFCD2B762D5A006E6CE7 /* Frameworks */ = {
			isa = PBXFrameworksBuildPhase;
			buildActionMask = 2147483647;
			files = (
				6ED5BFD62B762D5A006E6CE7 /* RealityKitContent in Frameworks */,
			);
			runOnlyForDeploymentPostprocessing = 0;
		};
/* End PBXFrameworksBuildPhase section */

/* Begin PBXGroup section */
		6ED5BFC72B762D59006E6CE7 = {
			isa = PBXGroup;
			children = (
				6ED5BFE82B7632D1006E6CE7 /* beach.mp4 */,
				6ED5BFD22B762D5A006E6CE7 /* VisionOSTest */,
				6ED5BFD32B762D5A006E6CE7 /* Packages */,
				6ED5BFD12B762D5A006E6CE7 /* Products */,
			);
			sourceTree = "<group>";
		};
		6ED5BFD12B762D5A006E6CE7 /* Products */ = {
			isa = PBXGroup;
			children = (
				6ED5BFD02B762D5A006E6CE7 /* VisionOSTest.app */,
			);
			name = Products;
			sourceTree = "<group>";
		};
		6ED5BFD22B762D5A006E6CE7 /* VisionOSTest */ = {
			isa = PBXGroup;
			children = (
				6ED5BFD72B762D5A006E6CE7 /* VisionOSTestApp.swift */,
				6ED5BFDB2B762D5B006E6CE7 /* Assets.xcassets */,
				6ED5BFE02B762D5B006E6CE7 /* Info.plist */,
				6ED5BFDD2B762D5B006E6CE7 /* Preview Content */,
				6ED5BFE62B762DFC006E6CE7 /* ImmersiveView.swift */,
				6ED5BFEA2B764401006E6CE7 /* SkyBoxControls.swift */,
			);
			path = VisionOSTest;
			sourceTree = "<group>";
		};
		6ED5BFD32B762D5A006E6CE7 /* Packages */ = {
			isa = PBXGroup;
			children = (
				6ED5BFD42B762D5A006E6CE7 /* RealityKitContent */,
			);
			path = Packages;
			sourceTree = "<group>";
		};
		6ED5BFDD2B762D5B006E6CE7 /* Preview Content */ = {
			isa = PBXGroup;
			children = (
				6ED5BFDE2B762D5B006E6CE7 /* Preview Assets.xcassets */,
			);
			path = "Preview Content";
			sourceTree = "<group>";
		};
/* End PBXGroup section */

/* Begin PBXNativeTarget section */
		6ED5BFCF2B762D5A006E6CE7 /* VisionOSTest */ = {
			isa = PBXNativeTarget;
			buildConfigurationList = 6ED5BFE32B762D5B006E6CE7 /* Build configuration list for PBXNativeTarget "VisionOSTest" */;
			buildPhases = (
				6ED5BFCC2B762D5A006E6CE7 /* Sources */,
				6ED5BFCD2B762D5A006E6CE7 /* Frameworks */,
				6ED5BFCE2B762D5A006E6CE7 /* Resources */,
			);
			buildRules = (
			);
			dependencies = (
			);
			name = VisionOSTest;
			packageProductDependencies = (
				6ED5BFD52B762D5A006E6CE7 /* RealityKitContent */,
			);
			productName = VisionOSTest;
			productReference = 6ED5BFD02B762D5A006E6CE7 /* VisionOSTest.app */;
			productType = "com.apple.product-type.application";
		};
/* End PBXNativeTarget section */

/* Begin PBXProject section */
		6ED5BFC82B762D59006E6CE7 /* Project object */ = {
			isa = PBXProject;
			attributes = {
				BuildIndependentTargetsInParallel = 1;
				LastSwiftUpdateCheck = 1520;
				LastUpgradeCheck = 1520;
				TargetAttributes = {
					6ED5BFCF2B762D5A006E6CE7 = {
						CreatedOnToolsVersion = 15.2;
					};
				};
			};
			buildConfigurationList = 6ED5BFCB2B762D59006E6CE7 /* Build configuration list for PBXProject "VisionOSTest" */;
			compatibilityVersion = "Xcode 14.0";
			developmentRegion = en;
			hasScannedForEncodings = 0;
			knownRegions = (
				en,
				Base,
			);
			mainGroup = 6ED5BFC72B762D59006E6CE7;
			productRefGroup = 6ED5BFD12B762D5A006E6CE7 /* Products */;
			projectDirPath = "";
			projectRoot = "";
			targets = (
				6ED5BFCF2B762D5A006E6CE7 /* VisionOSTest */,
			);
		};
/* End PBXProject section */

/* Begin PBXResourcesBuildPhase section */
		6ED5BFCE2B762D5A006E6CE7 /* Resources */ = {
			isa = PBXResourcesBuildPhase;
			buildActionMask = 2147483647;
			files = (
				6ED5BFE92B7632D1006E6CE7 /* beach.mp4 in Resources */,
				6ED5BFDF2B762D5B006E6CE7 /* Preview Assets.xcassets in Resources */,
				6ED5BFDC2B762D5B006E6CE7 /* Assets.xcassets in Resources */,
			);
			runOnlyForDeploymentPostprocessing = 0;
		};
/* End PBXResourcesBuildPhase section */

/* Begin PBXSourcesBuildPhase section */
		6ED5BFCC2B762D5A006E6CE7 /* Sources */ = {
			isa = PBXSourcesBuildPhase;
			buildActionMask = 2147483647;
			files = (
				6ED5BFE72B762DFC006E6CE7 /* ImmersiveView.swift in Sources */,
				6ED5BFEB2B764401006E6CE7 /* SkyBoxControls.swift in Sources */,
				6ED5BFD82B762D5A006E6CE7 /* VisionOSTestApp.swift in Sources */,
			);
			runOnlyForDeploymentPostprocessing = 0;
		};
/* End PBXSourcesBuildPhase section */

/* Begin XCBuildConfiguration section */
		6ED5BFE12B762D5B006E6CE7 /* Debug */ = {
			isa = XCBuildConfiguration;
			buildSettings = {
				ALWAYS_SEARCH_USER_PATHS = NO;
				ASSETCATALOG_COMPILER_GENERATE_SWIFT_ASSET_SYMBOL_EXTENSIONS = YES;
				CLANG_ANALYZER_NONNULL = YES;
				CLANG_ANALYZER_NUMBER_OBJECT_CONVERSION = YES_AGGRESSIVE;
				CLANG_CXX_LANGUAGE_STANDARD = "gnu++20";
				CLANG_ENABLE_MODULES = YES;
				CLANG_ENABLE_OBJC_ARC = YES;
				CLANG_ENABLE_OBJC_WEAK = YES;
				CLANG_WARN_BLOCK_CAPTURE_AUTORELEASING = YES;
				CLANG_WARN_BOOL_CONVERSION = YES;
				CLANG_WARN_COMMA = YES;
				CLANG_WARN_CONSTANT_CONVERSION = YES;
				CLANG_WARN_DEPRECATED_OBJC_IMPLEMENTATIONS = YES;
				CLANG_WARN_DIRECT_OBJC_ISA_USAGE = YES_ERROR;
				CLANG_WARN_DOCUMENTATION_COMMENTS = YES;
				CLANG_WARN_EMPTY_BODY = YES;
				CLANG_WARN_ENUM_CONVERSION = YES;
				CLANG_WARN_INFINITE_RECURSION = YES;
				CLANG_WARN_INT_CONVERSION = YES;
				CLANG_WARN_NON_LITERAL_NULL_CONVERSION = YES;
				CLANG_WARN_OBJC_IMPLICIT_RETAIN_SELF = YES;
				CLANG_WARN_OBJC_LITERAL_CONVERSION = YES;
				CLANG_WARN_OBJC_ROOT_CLASS = YES_ERROR;
				CLANG_WARN_QUOTED_INCLUDE_IN_FRAMEWORK_HEADER = YES;
				CLANG_WARN_RANGE_LOOP_ANALYSIS = YES;
				CLANG_WARN_STRICT_PROTOTYPES = YES;
				CLANG_WARN_SUSPICIOUS_MOVE = YES;
				CLANG_WARN_UNGUARDED_AVAILABILITY = YES_AGGRESSIVE;
				CLANG_WARN_UNREACHABLE_CODE = YES;
				CLANG_WARN__DUPLICATE_METHOD_MATCH = YES;
				COPY_PHASE_STRIP = NO;
				DEBUG_INFORMATION_FORMAT = dwarf;
				ENABLE_STRICT_OBJC_MSGSEND = YES;
				ENABLE_TESTABILITY = YES;
				ENABLE_USER_SCRIPT_SANDBOXING = YES;
				GCC_C_LANGUAGE_STANDARD = gnu17;
				GCC_DYNAMIC_NO_PIC = NO;
				GCC_NO_COMMON_BLOCKS = YES;
				GCC_OPTIMIZATION_LEVEL = 0;
				GCC_PREPROCESSOR_DEFINITIONS = (
					"DEBUG=1",
					"$(inherited)",
				);
				GCC_WARN_64_TO_32_BIT_CONVERSION = YES;
				GCC_WARN_ABOUT_RETURN_TYPE = YES_ERROR;
				GCC_WARN_UNDECLARED_SELECTOR = YES;
				GCC_WARN_UNINITIALIZED_AUTOS = YES_AGGRESSIVE;
				GCC_WARN_UNUSED_FUNCTION = YES;
				GCC_WARN_UNUSED_VARIABLE = YES;
				LOCALIZATION_PREFERS_STRING_CATALOGS = YES;
				MTL_ENABLE_DEBUG_INFO = INCLUDE_SOURCE;
				MTL_FAST_MATH = YES;
				ONLY_ACTIVE_ARCH = YES;
				SDKROOT = xros;
				SWIFT_ACTIVE_COMPILATION_CONDITIONS = "DEBUG $(inherited)";
				SWIFT_OPTIMIZATION_LEVEL = "-Onone";
				XROS_DEPLOYMENT_TARGET = 1.0;
			};
			name = Debug;
		};
		6ED5BFE22B762D5B006E6CE7 /* Release */ = {
			isa = XCBuildConfiguration;
			buildSettings = {
				ALWAYS_SEARCH_USER_PATHS = NO;
				ASSETCATALOG_COMPILER_GENERATE_SWIFT_ASSET_SYMBOL_EXTENSIONS = YES;
				CLANG_ANALYZER_NONNULL = YES;
				CLANG_ANALYZER_NUMBER_OBJECT_CONVERSION = YES_AGGRESSIVE;
				CLANG_CXX_LANGUAGE_STANDARD = "gnu++20";
				CLANG_ENABLE_MODULES = YES;
				CLANG_ENABLE_OBJC_ARC = YES;
				CLANG_ENABLE_OBJC_WEAK = YES;
				CLANG_WARN_BLOCK_CAPTURE_AUTORELEASING = YES;
				CLANG_WARN_BOOL_CONVERSION = YES;
				CLANG_WARN_COMMA = YES;
				CLANG_WARN_CONSTANT_CONVERSION = YES;
				CLANG_WARN_DEPRECATED_OBJC_IMPLEMENTATIONS = YES;
				CLANG_WARN_DIRECT_OBJC_ISA_USAGE = YES_ERROR;
				CLANG_WARN_DOCUMENTATION_COMMENTS = YES;
				CLANG_WARN_EMPTY_BODY = YES;
				CLANG_WARN_ENUM_CONVERSION = YES;
				CLANG_WARN_INFINITE_RECURSION = YES;
				CLANG_WARN_INT_CONVERSION = YES;
				CLANG_WARN_NON_LITERAL_NULL_CONVERSION = YES;
				CLANG_WARN_OBJC_IMPLICIT_RETAIN_SELF = YES;
				CLANG_WARN_OBJC_LITERAL_CONVERSION = YES;
				CLANG_WARN_OBJC_ROOT_CLASS = YES_ERROR;
				CLANG_WARN_QUOTED_INCLUDE_IN_FRAMEWORK_HEADER = YES;
				CLANG_WARN_RANGE_LOOP_ANALYSIS = YES;
				CLANG_WARN_STRICT_PROTOTYPES = YES;
				CLANG_WARN_SUSPICIOUS_MOVE = YES;
				CLANG_WARN_UNGUARDED_AVAILABILITY = YES_AGGRESSIVE;
				CLANG_WARN_UNREACHABLE_CODE = YES;
				CLANG_WARN__DUPLICATE_METHOD_MATCH = YES;
				COPY_PHASE_STRIP = NO;
				DEBUG_INFORMATION_FORMAT = "dwarf-with-dsym";
				ENABLE_NS_ASSERTIONS = NO;
				ENABLE_STRICT_OBJC_MSGSEND = YES;
				ENABLE_USER_SCRIPT_SANDBOXING = YES;
				GCC_C_LANGUAGE_STANDARD = gnu17;
				GCC_NO_COMMON_BLOCKS = YES;
				GCC_WARN_64_TO_32_BIT_CONVERSION = YES;
				GCC_WARN_ABOUT_RETURN_TYPE = YES_ERROR;
				GCC_WARN_UNDECLARED_SELECTOR = YES;
				GCC_WARN_UNINITIALIZED_AUTOS = YES_AGGRESSIVE;
				GCC_WARN_UNUSED_FUNCTION = YES;
				GCC_WARN_UNUSED_VARIABLE = YES;
				LOCALIZATION_PREFERS_STRING_CATALOGS = YES;
				MTL_ENABLE_DEBUG_INFO = NO;
				MTL_FAST_MATH = YES;
				SDKROOT = xros;
				SWIFT_COMPILATION_MODE = wholemodule;
				VALIDATE_PRODUCT = YES;
				XROS_DEPLOYMENT_TARGET = 1.0;
			};
			name = Release;
		};
		6ED5BFE42B762D5B006E6CE7 /* Debug */ = {
			isa = XCBuildConfiguration;
			buildSettings = {
				ASSETCATALOG_COMPILER_APPICON_NAME = AppIcon;
				ASSETCATALOG_COMPILER_GLOBAL_ACCENT_COLOR_NAME = AccentColor;
				CODE_SIGN_STYLE = Automatic;
				CURRENT_PROJECT_VERSION = 1;
				DEVELOPMENT_ASSET_PATHS = "\"VisionOSTest/Preview Content\"";
				DEVELOPMENT_TEAM = M26LNJLX8T;
				ENABLE_PREVIEWS = YES;
				GENERATE_INFOPLIST_FILE = YES;
				INFOPLIST_FILE = "$(TARGET_NAME)/Info.plist";
				LD_RUNPATH_SEARCH_PATHS = (
					"$(inherited)",
					"@executable_path/Frameworks",
				);
				MARKETING_VERSION = 1.0;
				PRODUCT_BUNDLE_IDENTIFIER = com.agavgar.VisionOSTest;
				PRODUCT_NAME = "$(TARGET_NAME)";
				SUPPORTED_PLATFORMS = "xros xrsimulator";
				SWIFT_EMIT_LOC_STRINGS = YES;
				SWIFT_VERSION = 5.0;
				TARGETED_DEVICE_FAMILY = "1,2,7";
			};
			name = Debug;
		};
		6ED5BFE52B762D5B006E6CE7 /* Release */ = {
			isa = XCBuildConfiguration;
			buildSettings = {
				ASSETCATALOG_COMPILER_APPICON_NAME = AppIcon;
				ASSETCATALOG_COMPILER_GLOBAL_ACCENT_COLOR_NAME = AccentColor;
				CODE_SIGN_STYLE = Automatic;
				CURRENT_PROJECT_VERSION = 1;
				DEVELOPMENT_ASSET_PATHS = "\"VisionOSTest/Preview Content\"";
				DEVELOPMENT_TEAM = M26LNJLX8T;
				ENABLE_PREVIEWS = YES;
				GENERATE_INFOPLIST_FILE = YES;
				INFOPLIST_FILE = "$(TARGET_NAME)/Info.plist";
				LD_RUNPATH_SEARCH_PATHS = (
					"$(inherited)",
					"@executable_path/Frameworks",
				);
				MARKETING_VERSION = 1.0;
				PRODUCT_BUNDLE_IDENTIFIER = com.agavgar.VisionOSTest;
				PRODUCT_NAME = "$(TARGET_NAME)";
				SUPPORTED_PLATFORMS = "xros xrsimulator";
				SWIFT_EMIT_LOC_STRINGS = YES;
				SWIFT_VERSION = 5.0;
				TARGETED_DEVICE_FAMILY = "1,2,7";
			};
			name = Release;
		};
/* End XCBuildConfiguration section */

/* Begin XCConfigurationList section */
		6ED5BFCB2B762D59006E6CE7 /* Build configuration list for PBXProject "VisionOSTest" */ = {
			isa = XCConfigurationList;
			buildConfigurations = (
				6ED5BFE12B762D5B006E6CE7 /* Debug */,
				6ED5BFE22B762D5B006E6CE7 /* Release */,
			);
			defaultConfigurationIsVisible = 0;
			defaultConfigurationName = Release;
		};
		6ED5BFE32B762D5B006E6CE7 /* Build configuration list for PBXNativeTarget "VisionOSTest" */ = {
			isa = XCConfigurationList;
			buildConfigurations = (
				6ED5BFE42B762D5B006E6CE7 /* Debug */,
				6ED5BFE52B762D5B006E6CE7 /* Release */,
			);
			defaultConfigurationIsVisible = 0;
			defaultConfigurationName = Release;
		};
/* End XCConfigurationList section */

/* Begin XCSwiftPackageProductDependency section */
		6ED5BFD52B762D5A006E6CE7 /* RealityKitContent */ = {
			isa = XCSwiftPackageProductDependency;
			productName = RealityKitContent;
		};
/* End XCSwiftPackageProductDependency section */
	};
	rootObject = 6ED5BFC82B762D59006E6CE7 /* Project object */;
}
